
Microsoft Visual Studio Solution File, Format Version 12.00
# Visual Studio Version 17
VisualStudioVersion = 17.6.33829.357
MinimumVisualStudioVersion = 10.0.40219.1
Project("{FAE04EC0-301F-11D3-BF4B-00C04F79EFBC}") = "IdentityLearningSecondTry", "IdentityLearningSecondTry\IdentityLearningSecondTry.csproj", "{FF929533-5E70-42EB-95D4-B0FAE8CE8B61}"
EndProject
Global
	GlobalSection(SolutionConfigurationPlatforms) = preSolution
		Debug|Any CPU = Debug|Any CPU
		Release|Any CPU = Release|Any CPU
	EndGlobalSection
	GlobalSection(ProjectConfigurationPlatforms) = postSolution
		{FF929533-5E70-42EB-95D4-B0FAE8CE8B61}.Debug|Any CPU.ActiveCfg = Debug|Any CPU
		{FF929533-5E70-42EB-95D4-B0FAE8CE8B61}.Debug|Any CPU.Build.0 = Debug|Any CPU
		{FF929533-5E70-42EB-95D4-B0FAE8CE8B61}.Release|Any CPU.ActiveCfg = Release|Any CPU
		{FF929533-5E70-42EB-95D4-B0FAE8CE8B61}.Release|Any CPU.Build.0 = Release|Any CPU
	EndGlobalSection
	GlobalSection(SolutionProperties) = preSolution
		HideSolutionNode = FALSE
	EndGlobalSection
	GlobalSection(ExtensibilityGlobals) = postSolution
		SolutionGuid = {7926AF7F-13F7-41EE-BB19-8A5670207A2A}
	EndGlobalSection
EndGlobal
